version = 1
revision = 3
requires-python = "==3.11.*"

[[package]]
name = "annotated-types"
version = "0.8.0"
source = { registry = "https://pypi.org/simple" }
sdist = { url = "https://files.pythonhosted.org/packages/5f/56/a8120250d128bed162cd73c76d45f6ef9991f3e068f62a8ee060afa3104a/annotated_types-0.8.0.tar.gz", hash = "sha256:13b2beaad985e05e2d6407ee4c4f35590b11f8d693a258a561055cac8f64cab7", size = 15893, upload-time = "2026-07-23T20:16:13.995Z" }
wheels = [
    { url = "https://files.pythonhosted.org/packages/99/91/8acff4f5e50511b911bbccb72b8628a49c68ce14148cd9f6431094859a90/annotated_types-0.8.0-py3-none-any.whl", hash = "sha256:f072f4d804ea359e4eaf198b1af7a8b0943881a87f31bb764f8bf219bb9419e0", size = 13427, upload-time = "2026-07-23T20:16:12.938Z" },
]

[[package]]
name = "anyio"
version = "4.15.1"
source = { registry = "https://pypi.org/simple" }
dependencies = [
    { name = "idna" },
    { name = "typing-extensions" },
]
sdist = { url = "https://files.pythonhosted.org/packages/a9/d2/f4d173e22df740bc37b1db102b386ba719b66e95b0f0d751f556b387e6d2/anyio-4.15.1.tar.gz", hash = "sha256:9f28306018cbd6d329e64a36d58256edff76dd996fe423bc957326e578b82a94", size = 276966, upload-time = "2026-09-05T10:42:39.44Z" }
wheels = [
    { url = "https://files.pythonhosted.org/packages/12/b8/4bd346e22b28902df4d651910f5242c28d84e4a5c2435ca5c3f797ed7e2e/anyio-4.15.1-py3-none-any.whl", hash = "sha256:6152fdbbf9a77fdec97731721bebf7c4c44f7c29b424b0065826173efc7ed101", size = 132079, upload-time = "2026-09-05T10:42:37.923Z" },
]

[[package]]
name = "cachetools"
version = "7.2.0"
source = { registry = "https://pypi.org/simple" }
sdist = { url = "https://files.pythonhosted.org/packages/29/2c/3f18755527b03ca9ff6be724bd5370cb777c76a87f17301377cf04a4729b/cachetools-7.2.0.tar.gz", hash = "sha256:bcac1a1b8da6909994a2957238a57b8140dab7c5c5c69a43669654fe87a33c1d", size = 41129, upload-time = "2026-09-16T20:48:27.209Z" }
wheels = [
    { url = "https://files.pythonhosted.org/packages/cc/bb/1c6e7a89b11da19f137e4ef5a5c5fe47a5bb686449ba343944ccf8fb34b2/cachetools-7.2.0-py3-none-any.whl", hash = "sha256:3045213f186b89fdd95d94441354c4bd87c570b7a38d8c3fd1d9dd37f6dc90d8", size = 16918, upload-time = "2026-09-16T20:48:25.575Z" },
]

[[package]]
name = "certifi"
version = "2026.7.22"
source = { registry = "https://pypi.org/simple" }
sdist = { url = "https://files.pythonhosted.org/packages/a3/c2/24167ea9858356b47a87a50d39908bfdb72ceeefe0041586e704e5376b3a/certifi-2026.7.22.tar.gz", hash = "sha256:741e2c3b351ddf169a738da9f2c048608ff7f2c5cc02f1ebc6b118bb090d5d55", size = 138112, upload-time = "2026-07-22T03:35:12.644Z" }
wheels = [
    { url = "https://files.pythonhosted.org/packages/0b/a7/71ac2cff56fec219ed242bb11b8efb69fcc4bec75db06fb7bfe35de520e6/certifi-2026.7.22-py3-none-any.whl", hash = "sha256:62f22742b58a1a33014a2b6b706588a8d7e2a88ae7bd1a6ebe8c992928483775", size = 136983, upload-time = "2026-07-22T03:35:11.276Z" },
]

[[package]]
name = "greenlet"
version = "3.5.6"
source = { registry = "https://pypi.org/simple" }
sdist = { url = "https://files.pythonhosted.org/packages/3e/6e/0091f175ccd02b02bc8811bbcbcc6ac2e980be116e3b2f7a736ca322bf84/greenlet-3.5.6.tar.gz", hash = "sha256:8e67c43bdfc88d5fee6db0d3e40175b362fc95fb85f0412d233b9b203c53a575", size = 207653, upload-time = "2026-09-14T15:42:51.806Z" }
wheels = [
    { url = "https://files.pythonhosted.org/packages/f1/d7/41511ee2696f14be4200b524d9553dc4295e2bdeb20aa8962c3cb25e71c6/greenlet-3.5.6-cp311-cp311-macosx_11_0_universal2.whl", hash = "sha256:a6a4b98a9132e0f45c9fc245a63894cfd8c45fb7a0d6bffc5eab3ec327cf7324", size = 294075, upload-time = "2026-09-14T14:25:16.922Z" },
    { url = "https://files.pythonhosted.org/packages/f8/7b/b509624970909294cd064ff7346148ca9941c21bec9026d7873dd254e9fa/greenlet-3.5.6-cp311-cp311-manylinux_2_24_aarch64.manylinux_2_28_aarch64.whl", hash = "sha256:45bfd2b51e38aaa5f9849f114d9c7c1d75f69187c849b3549cd64c465283abfa", size = 613429, upload-time = "2026-09-14T15:12:00.454Z" },
    { url = "https://files.pythonhosted.org/packages/2b/5c/d2eb503067f9ba20875ef8c87681f29a64f53bbbbe4059a5d7c53179d442/greenlet-3.5.6-cp311-cp311-manylinux_2_24_ppc64le.manylinux_2_28_ppc64le.whl", hash = "sha256:3c6dede9133e1da41d561bc3fb14e92b47e2ce39ae60edefaad145658ea7c5e2", size = 625405, upload-time = "2026-09-14T15:20:41.053Z" },
    { url = "https://files.pythonhosted.org/packages/1b/24/9b071d11c8bb9f5f38cccacc38fcc234d91997a4c395cc2bf43ecae89642/greenlet-3.5.6-cp311-cp311-manylinux_2_24_s390x.manylinux_2_28_s390x.whl", hash = "sha256:4fb8e59f68845d56c23c031dcd79c329f345e4a9d2ffac91c3d1ab366bdc457b", size = 633270, upload-time = "2026-09-14T15:25:04.864Z" },
    { url = "https://files.pythonhosted.org/packages/ec/d3/63d4477ce31dff2fd802a9a20240f6606aac85977e0fb18443aae33de3f6/greenlet-3.5.6-cp311-cp311-manylinux_2_24_x86_64.manylinux_2_28_x86_64.whl", hash = "sha256:1c20ea32a73d17b9b60e3371240e17b0068120c98a5ec01a224a7dd8c89733ba", size = 624428, upload-time = "2026-09-14T14:35:56.895Z" },
    { url = "https://files.pythonhosted.org/packages/88/17/ac11883ecc9da19c681c8b763ee39e6f7dca2aa81874eb11a075d3cbeb00/greenlet-3.5.6-cp311-cp311-manylinux_2_39_riscv64.whl", hash = "sha256:d701eab36200c36224833d07dbdb709adb7fd4253429548ddb5e547b8ed40586", size = 428068, upload-time = "2026-09-14T15:28:35.872Z" },
    { url = "https://files.pythonhosted.org/packages/ad/aa/9cde4e00688eaa2a03b91d12e4681439a87e6aad860399e0847af6a014ca/greenlet-3.5.6-cp311-cp311-musllinux_1_2_aarch64.whl", hash = "sha256:5a0b2791239c99992a86c1b635b787fe2a877d9eaaa26f8891ce943832b585ae", size = 1588385, upload-time = "2026-09-14T15:10:05.386Z" },
    { url = "https://files.pythonhosted.org/packages/5c/01/24632b5ec186b64e21e07a8f53ce5e15a7e9cb33eddee99a5fe16379afa5/greenlet-3.5.6-cp311-cp311-musllinux_1_2_x86_64.whl", hash = "sha256:188bf333769b7145e2b0b4a7f09615ec550ed44d3a2a8395fb7b36f0e9901e13", size = 1653119, upload-time = "2026-09-14T14:35:48.275Z" },
    { url = "https://files.pythonhosted.org/packages/ce/6c/019d2ef898f4b9ac845167f1c6f73229e9a4e2439362a5e2ce50205a19b0/greenlet-3.5.6-cp311-cp311-win_amd64.whl", hash = "sha256:a6b4ff33f7e011bbaa148238d131c4fd4f8afbab3c104ddfbdb2b12b74ff7016", size = 323317, upload-time = "2026-09-14T14:22:38.836Z" },
    { url = "https://files.pythonhosted.org/packages/5a/7a/439df999455e3bdf02b1c68f3848d4020385ef0a01f89f706b07bf148a65/greenlet-3.5.6-cp311-cp311-win_arm64.whl", hash = "sha256:59deccd347735a7774223b05a93773fddbb298aba3cea21be4337fb4752dbe32", size = 307739, upload-time = "2026-09-14T14:23:40.469Z" },
]

[[package]]
name = "h11"
version = "0.16.0"
source = { registry = "https://pypi.org/simple" }
sdist = { url = "https://files.pythonhosted.org/packages/01/ee/02a2c011bdab74c6fb3c75474d40b3052059d95df7e73351460c8588d963/h11-0.16.0.tar.gz", hash = "sha256:4e35b956cf45792e4caa5885e69fba00bdbc6ffafbfa020300e549b208ee5ff1", size = 101250, upload-time = "2025-04-24T03:35:25.427Z" }
wheels = [
    { url = "https://files.pythonhosted.org/packages/04/4b/29cac41a4d98d144bf5f6d33995617b185d14b22401f75ca86f384e87ff1/h11-0.16.0-py3-none-any.whl", hash = "sha256:63cf8bbe7522de3bf65932fda1d9c2772064ffb3dae62d55932da54b31cb6c86", size = 37515, upload-time = "2025-04-24T03:35:24.344Z" },
]

[[package]]
name = "httpcore"
version = "1.0.9"
source = { registry = "https://pypi.org/simple" }
dependencies = [
    { name = "certifi" },
    { name = "h11" },
]
sdist = { url = "https://files.pythonhosted.org/packages/06/94/82699a10bca87a5556c9c59b5963f2d039dbd239f25bc2a63907a05a14cb/httpcore-1.0.9.tar.gz", hash = "sha256:6e34463af53fd2ab5d807f399a9b45ea31c3dfa2276f15a2c3f00afff6e176e8", size = 85484, upload-time = "2025-04-24T22:06:22.219Z" }
wheels = [
    { url = "https://files.pythonhosted.org/packages/7e/f5/f66802a942d491edb555dd61e3a9961140fd64c90bce1eafd741609d334d/httpcore-1.0.9-py3-none-any.whl", hash = "sha256:2d400746a40668fc9dec9810239072b40b4484b640a8c38fd654a024c7a1bf55", size = 78784, upload-time = "2025-04-24T22:06:20.566Z" },
]

[[package]]
name = "httpcore2"
version = "2.13.1"
source = { registry = "https://pypi.org/simple" }
dependencies = [
    { name = "h11" },
    { name = "truststore" },
]
sdist = { url = "https://files.pythonhosted.org/packages/cb/f3/1db7aa2bc2524062192bb0e0323969492d1883152a232fe36eea65f4e35c/httpcore2-2.13.1.tar.gz", hash = "sha256:e0aa977abe17e69a3b820a24542a6fa88702676d83880b8d194dcd18408e5103", size = 68071, upload-time = "2026-09-23T07:47:22.372Z" }
wheels = [
    { url = "https://files.pythonhosted.org/packages/09/ba/a4568248771ce81957bfb7cc600264a40fbcda092391ee1c415c50be4bea/httpcore2-2.13.1-py3-none-any.whl", hash = "sha256:e1e05d4f25f7d7d496bfb96748f6f4b67657b03da069b3a68c36069f3db73d0a", size = 83423, upload-time = "2026-09-23T07:47:19.365Z" },
]

[[package]]
name = "httpx"
version = "0.28.1"
source = { registry = "https://pypi.org/simple" }
dependencies = [
    { name = "anyio" },
    { name = "certifi" },
    { name = "httpcore" },
    { name = "idna" },
]
sdist = { url = "https://files.pythonhosted.org/packages/b1/df/48c586a5fe32a0f01324ee087459e112ebb7224f646c0b5023f5e79e9956/httpx-0.28.1.tar.gz", hash = "sha256:75e98c5f16b0f35b567856f597f06ff2270a374470a5c2392242528e3e3e42fc", size = 141406, upload-time = "2024-12-06T15:37:23.222Z" }
wheels = [
    { url = "https://files.pythonhosted.org/packages/2a/39/e50c7c3a983047577ee07d2a9e53faf5a69493943ec3f6a384bdc792deb2/httpx-0.28.1-py3-none-any.whl", hash = "sha256:d909fcccc110f8c7faf814ca82a9a4d816bc5a6dbfea25d6591d6985b8ba59ad", size = 73517, upload-time = "2024-12-06T15:37:21.509Z" },
]

[[package]]
name = "httpx2"
version = "2.13.1"
source = { registry = "https://pypi.org/simple" }
dependencies = [
    { name = "anyio", marker = "sys_platform != 'emscripten'" },
    { name = "httpcore2", marker = "sys_platform != 'emscripten'" },
    { name = "idna" },
    { name = "truststore", marker = "sys_platform != 'emscripten'" },
    { name = "typing-extensions" },
]
sdist = { url = "https://files.pythonhosted.org/packages/d5/44/474bef2a0e9d90f1715d32cb98b0738695ca17ba324095fb2497ed7fbd59/httpx2-2.13.1.tar.gz", hash = "sha256:e48744a19e3af5ee48313d0ce5fe941d5422fae5705ea922a4aabf94d7800dfa", size = 100405, upload-time = "2026-09-23T07:47:23.052Z" }
wheels = [
    { url = "https://files.pythonhosted.org/packages/d8/9c/6fe8931fd9f381042a9e4c7d5a7b4cbf7016b252bec0c99a49fce42c3326/httpx2-2.13.1-py3-none-any.whl", hash = "sha256:6dff50fabc270ee5fd25d845d0b078ed20564579744d6d962850975996d2f9a4", size = 95597, upload-time = "2026-09-23T07:47:20.995Z" },
]

[[package]]
name = "idna"
version = "3.20"
source = { registry = "https://pypi.org/simple" }
sdist = { url = "https://files.pythonhosted.org/packages/f5/08/8eea9d4b8302028f3abb2c0813953f7aec26d33b7a8960ed760e65ff29fa/idna-3.20.tar.gz", hash = "sha256:a7db850025b95ded1eae8a46181a1a6c56c92c96f0e2b005d9ff8dc0210cab44", size = 216463, upload-time = "2026-09-17T14:11:04.752Z" }
wheels = [
    { url = "https://files.pythonhosted.org/packages/58/a2/bb081bab032533a855d44de1d56f8e8426114ff1ba5d1f07a438a0a654f8/idna-3.20-py3-none-any.whl", hash = "sha256:ab7ae7122974553370f0bdb919e1a960b2cd1bc1ef0276416d896db81c14582c", size = 69583, upload-time = "2026-09-17T14:11:03.168Z" },
]

[[package]]
name = "jiter"
version = "0.17.0"
source = { registry = "https://pypi.org/simple" }
sdist = { url = "https://files.pythonhosted.org/packages/9c/1f/8176d92e001f86505424b41664032ae26a882bc9ca41a32c803f373f9195/jiter-0.17.0.tar.gz", hash = "sha256:03e432f226a453851079fb84cd17c6da9991eab723e28d716f14ae3d906e0c12", size = 229037, upload-time = "2026-09-12T15:14:14.253Z" }
wheels = [
    { url = "https://files.pythonhosted.org/packages/a1/50/17afdaffcc8af4bf4fddf2b6c26d066553aa2221983f2affcde435fc2532/jiter-0.17.0-cp311-cp311-macosx_10_12_x86_64.whl", hash = "sha256:cfafd7be8b16ceadd298db542cead37cddc211c4c49e04ad2596924df18625b1", size = 290699, upload-time = "2026-09-12T15:11:30.085Z" },
    { url = "https://files.pythonhosted.org/packages/c9/e4/c185d32d5b3657ad84da26c84a9eb15f00aa1b39d6882fcc0052dba2d7c2/jiter-0.17.0-cp311-cp311-macosx_11_0_arm64.whl", hash = "sha256:8adca2e793288e5f1bb29279bb439d0d3cfbb50eddca7e7e6ffd42ff4f482406", size = 324246, upload-time = "2026-09-12T15:11:31.3Z" },
    { url = "https://files.pythonhosted.org/packages/24/7a/8b8903bfe91a90a8fa1ec9b45d9fda5b6287a386693b69d720a882d73f3c/jiter-0.17.0-cp311-cp311-manylinux_2_17_aarch64.manylinux2014_aarch64.whl", hash = "sha256:30c692d567ba206c7cca38c9d1d0ccc70c9786290173c184d871ca12e9981ed7", size = 343275, upload-time = "2026-09-12T15:11:32.758Z" },
    { url = "https://files.pythonhosted.org/packages/a2/5d/6821fae2abc71a3c3a84bef8598d31fc4f27d9edfb55bd8f6c08afb8ef93/jiter-0.17.0-cp311-cp311-manylinux_2_17_armv7l.manylinux2014_armv7l.whl", hash = "sha256:81c83c0abe614446a283d994d2c07c4f58632dea2cdf66ba9e2921bb8ccd593e", size = 328034, upload-time = "2026-09-12T15:11:33.9Z" },
    { url = "https://files.pythonhosted.org/packages/f3/51/8e7a963b1c2dfdc01d6228b004f50a2a3d7c46f0549d7b096a5d15ef81d5/jiter-0.17.0-cp311-cp311-manylinux_2_17_ppc64le.manylinux2014_ppc64le.whl", hash = "sha256:073dc68c1a700c8fc480e877864a6b6ffc887533e261f4380c08c16bf09d057a", size = 342457, upload-time = "2026-09-12T15:11:36.414Z" },
    { url = "https://files.pythonhosted.org/packages/73/27/8b2a267e3bda45d9298331cacfe3521e761f0a2b05ad10a23c6548d08358/jiter-0.17.0-cp311-cp311-manylinux_2_17_s390x.manylinux2014_s390x.whl", hash = "sha256:492f37230bbf9581ab2c17bcda862c249afb9ae2e3ab2dd6db59943bc4cc3153", size = 351271, upload-time = "2026-09-12T15:11:37.692Z" },
    { url = "https://files.pythonhosted.org/packages/4a/8f/5c74e5e142a6736833d7a991ab04d5c0738038dc44db05af0bb3cd2559e8/jiter-0.17.0-cp311-cp311-manylinux_2_17_x86_64.manylinux2014_x86_64.whl", hash = "sha256:5888fe5abc1ca2fa834a3e1b4c7ef0dcece286a7d7e95a609ef0934b777b9fc9", size = 346052, upload-time = "2026-09-12T15:11:39.722Z" },
    { url = "https://files.pythonhosted.org/packages/98/9c/f54920f06d1696e80b1be841d56412871c6856b1b1e3b541b1ed35346554/jiter-0.17.0-cp311-cp311-manylinux_2_31_riscv64.whl", hash = "sha256:84ac78df457e1ee3f7e733bd114823302ae8c5ad5542d7e6647d92ffaa090a04", size = 328915, upload-time = "2026-09-12T15:11:41.065Z" },
    { url = "https://files.pythonhosted.org/packages/21/53/080f126863bceb055db9f1fd5431485eb493b35545a3c35e961ac18cd924/jiter-0.17.0-cp311-cp311-manylinux_2_5_i686.manylinux1_i686.whl", hash = "sha256:7573e80232c5bcf80c24c038cf7e53a463f5c3b1dd1dd4109d66304f4dccc233", size = 337240, upload-time = "2026-09-12T15:11:42.356Z" },
    { url = "https://files.pythonhosted.org/packages/f0/76/3ab742823a0e0e70e143c6c90a482d9d90396ac2445e7b9483eb7245d3b5/jiter-0.17.0-cp311-cp311-musllinux_1_1_aarch64.whl", hash = "sha256:11902505d401691720f5785c15b02204248526edee11b635cd6c40cd52b81599", size = 484917, upload-time = "2026-09-12T15:11:43.549Z" },
    { url = "https://files.pythonhosted.org/packages/14/e0/8ca71bc8b9cc9ed96c9da565863e00f3bb875a8fb82abcf03e975e067902/jiter-0.17.0-cp311-cp311-musllinux_1_1_x86_64.whl", hash = "sha256:64846211a2debe7c071d2146d2283d2b0c1c93dc8fd5fb7794faac2ca6061b5c", size = 521868, upload-time = "2026-09-12T15:11:44.704Z" },
    { url = "https://files.pythonhosted.org/packages/c1/02/81f8719dcedb75713082a2048405376c81f6546b75af8167f3bba01a1ed0/jiter-0.17.0-cp311-cp311-win32.whl", hash = "sha256:c19b9357309b8cc6de8a48fca8e44a8c9c2feaaa2f5896d037fa505d48fcab80", size = 187844, upload-time = "2026-09-12T15:11:45.874Z" },
    { url = "https://files.pythonhosted.org/packages/3e/8c/59693f348488f01ed12d862e99ab8da14961152d3e9c39b9b1ef363f3572/jiter-0.17.0-cp311-cp311-win_amd64.whl", hash = "sha256:e654b6b04e39c9cb19cb8b04c6ddf1f2db07751fa14156413969fd78bad0e5cb", size = 231402, upload-time = "2026-09-12T15:11:47.083Z" },
    { url = "https://files.pythonhosted.org/packages/fe/89/fb35e286463cb9f01edc2c4e47df6e5477ee36bca5096414e9ea87985588/jiter-0.17.0-cp311-cp311-win_arm64.whl", hash = "sha256:3ad556afc289f15d2b181b941982d01f06190863c07440185b9f354e1bd2def3", size = 187006, upload-time = "2026-09-12T15:11:48.245Z" },
    { url = "https://files.pythonhosted.org/packages/b9/3b/05a917204413e2e09906dfa35240c1021227aeb56c7305abea9562c598b4/jiter-0.17.0-graalpy311-graalpy242_311_native-macosx_10_12_x86_64.whl", hash = "sha256:eaba834b72d573547b9d966465b3394b749d5e14208cc70acb63aca37619ab33", size = 288143, upload-time = "2026-09-12T15:14:02.998Z" },
    { url = "https://files.pythonhosted.org/packages/d9/e1/a1cd3c0cf8f79945939e4f8caae9990529f67d7f77f671769f73956329b9/jiter-0.17.0-graalpy311-graalpy242_311_native-macosx_11_0_arm64.whl", hash = "sha256:51e1519d676a9f14dad9c2a411170d43b022ddb7989562df4e849b261ce127b2", size = 281847, upload-time = "2026-09-12T15:14:04.414Z" },
    { url = "https://files.pythonhosted.org/packages/72/b4/9b797679e09f4a46c32986aeb3670bd9bc562fc0b373c7a0ee5c5dce1206/jiter-0.17.0-graalpy311-graalpy242_311_native-manylinux_2_17_aarch64.manylinux2014_aarch64.whl", hash = "sha256:d0ce4feb52493e3513335b2accdcd75605652e4632772d3c8c2f7b86954d7f39", size = 304797, upload-time = "2026-09-12T15:14:05.733Z" },
    { url = "https://files.pythonhosted.org/packages/25/4a/0d77415b27a00d970e4e710f7c1de62e96a11c4cab3ed1add0015af04626/jiter-0.17.0-graalpy311-graalpy242_311_native-manylinux_2_17_x86_64.manylinux2014_x86_64.whl", hash = "sha256:29f49b325e0234e4ad9ecca5b861ffbd09b95ccac9bd46fa55841b6e56eea5fe", size = 307815, upload-time = "2026-09-12T15:14:07.105Z" },
]

[[package]]
name = "openai"
version = "3.24.0"
source = { registry = "https://pypi.org/simple" }
dependencies = [
    { name = "anyio" },
    { name = "httpx2" },
    { name = "jiter" },
    { name = "pydantic" },
    { name = "sniffio" },
    { name = "typing-extensions" },
]
sdist = { url = "https://files.pythonhosted.org/packages/73/4f/e57670227cb7b61362d8f9bfba54d4e9f7bde799798c342782788bc12d6c/openai-3.24.0.tar.gz", hash = "sha256:1e7463f7d78773ab2ce4fe85710481aa5bd5ffefd54c8de4b067506cd2d42895", size = 1797218, upload-time = "2026-10-02T15:55:18.851Z" }
wheels = [
    { url = "https://files.pythonhosted.org/packages/f2/01/32baec3bdb83d36da27281d7eeac2647241345cf8ff538bc21d1013ddeec/openai-3.24.0-py3-none-any.whl", hash = "sha256:b59703a3e3b5df78b269e90049d383a1dda58c90104cc4be59db21078db4b7a4", size = 2127166, upload-time = "2026-10-02T15:55:16.228Z" },
]

[[package]]
name = "pardon-my-english"
version = "0.2.0"
source = { virtual = "." }
dependencies = [
    { name = "cachetools" },
    { name = "openai" },
    { name = "python-dotenv" },
    { name = "python-telegram-bot" },
    { name = "sqlalchemy" },
    { name = "sqlmodel" },
]

[package.dev-dependencies]
dev = [
    { name = "ruff" },
    { name = "ty" },
]

[package.metadata]
requires-dist = [
    { name = "cachetools", specifier = ">=7.2.0" },
    { name = "openai", specifier = ">=3.24.0" },
    { name = "python-dotenv", specifier = ">=1.2.4" },
    { name = "python-telegram-bot", specifier = ">=22.8" },
    { name = "sqlalchemy", specifier = ">=2.0.54,<2.1" },
    { name = "sqlmodel", specifier = ">=0.0.47" },
]

[package.metadata.requires-dev]
dev = [
    { name = "ruff", specifier = ">=0.16.10" },
    { name = "ty", specifier = ">=0.0.84" },
]

[[package]]
name = "pydantic"
version = "2.13.5"
source = { registry = "https://pypi.org/simple" }
dependencies = [
    { name = "annotated-types" },
    { name = "pydantic-core" },
    { name = "typing-extensions" },
    { name = "typing-inspection" },
]
sdist = { url = "https://files.pythonhosted.org/packages/53/ef/fc4f868f4e2cee79f863883abffceff107875f569b848507319842d2a681/pydantic-2.13.5.tar.gz", hash = "sha256:51a9c5f7b2f8e636f04c6cada605d9b6a3bf1348fdf945a3d8869b19bba0ee08", size = 845750, upload-time = "2026-08-28T14:04:00.916Z" }
wheels = [
    { url = "https://files.pythonhosted.org/packages/eb/47/c95ffc2009878c7aac0c5e08528022dcb885933252a88b5f170058014464/pydantic-2.13.5-py3-none-any.whl", hash = "sha256:346a034f080da3755d8e9cb5e00e8b07de1d39e4f6e2c87d8ab7cafa0b269a73", size = 472589, upload-time = "2026-08-28T14:03:59.136Z" },
]

[[package]]
name = "pydantic-core"
version = "2.46.5"
source = { registry = "https://pypi.org/simple" }
dependencies = [
    { name = "typing-extensions" },
]
sdist = { url = "https://files.pythonhosted.org/packages/af/f9/8a06bea35ef8daf588f707784c973a7046e0034c8d8cfb08828eeffb8b75/pydantic_core-2.46.5.tar.gz", hash = "sha256:10416c15b8839ecc4ef4d0885da76da6fd0f67333a0eb8aff6d93c4b8f2910fc", size = 472262, upload-time = "2026-08-28T10:01:31.677Z" }
wheels = [
    { url = "https://files.pythonhosted.org/packages/a2/b6/81d2d19ea0be2c03664381b59f65fa72fc7969decedae00bc2c4ad835708/pydantic_core-2.46.5-cp311-cp311-macosx_10_12_x86_64.whl", hash = "sha256:a1dee1b804ff4d11c663636cf15d2ea47e9f79cd56c033fb1cbf08924842a48f", size = 2074737, upload-time = "2026-08-28T09:57:57.711Z" },
    { url = "https://files.pythonhosted.org/packages/0c/18/b70da8300e292df4099684ea11b1958043580d2f50d2dc8bf7e542bdd84a/pydantic_core-2.46.5-cp311-cp311-macosx_11_0_arm64.whl", hash = "sha256:d625a186a65201c23a9e3b8ed9c47e90a026e03256608cc91851c6709096844f", size = 1921751, upload-time = "2026-08-28T09:57:59.265Z" },
    { url = "https://files.pythonhosted.org/packages/e7/1a/0d590341b6ffa4b4aca83508e6b8db4761aaeacfc15a25ca3815876d4797/pydantic_core-2.46.5-cp311-cp311-manylinux_2_17_aarch64.manylinux2014_aarch64.whl", hash = "sha256:4f8507560a9284e1370bb048ed4282012fbef4e8d109875b95e884d228552061", size = 1948231, upload-time = "2026-08-28T09:58:00.678Z" },
    { url = "https://files.pythonhosted.org/packages/7d/1d/02eb35761c51f2f7b1b042d6ab4cda6600f0c8c88a2243b3f734376201e5/pydantic_core-2.46.5-cp311-cp311-manylinux_2_17_armv7l.manylinux2014_armv7l.whl", hash = "sha256:5f93c5fe914d75fbec9a49209b00da5f08e9e467d69da2b1510c81940cfd10be", size = 2020708, upload-time = "2026-08-28T09:58:02.267Z" },
    { url = "https://files.pythonhosted.org/packages/4a/ea/f86073830e35d508cc8ddf9c3d9e6e6840fcb88d34bf726b0b4710186f27/pydantic_core-2.46.5-cp311-cp311-manylinux_2_17_ppc64le.manylinux2014_ppc64le.whl", hash = "sha256:aca6c767f552b21b10f774aeac128e828eafb796adfa1b666a18bf6321453c3a", size = 2194914, upload-time = "2026-08-28T09:58:03.934Z" },
    { url = "https://files.pythonhosted.org/packages/bb/d7/fc36240d7791ce90939e51608568c33bfdae26202016f9770c229a487d86/pydantic_core-2.46.5-cp311-cp311-manylinux_2_17_s390x.manylinux2014_s390x.whl", hash = "sha256:701b2e04b560eeb4bddf7a25ab8ca476176e34fdbd9a0e18196f0d12d4685f0b", size = 2235622, upload-time = "2026-08-28T09:58:05.516Z" },
    { url = "https://files.pythonhosted.org/packages/cf/bc/3fa2d76b83162820a17da7f645b28d1cba99fc8e1e5fc6517067ec450fa1/pydantic_core-2.46.5-cp311-cp311-manylinux_2_17_x86_64.manylinux2014_x86_64.whl", hash = "sha256:49776eab08766a08dfff7012f8b422dcd7e25e43b316eedf0477c24fcfa84b7c", size = 2062091, upload-time = "2026-08-28T09:58:07.135Z" },
    { url = "https://files.pythonhosted.org/packages/ab/9a/095d557bb492c90cd8a70a6dd048bf793d433d03d86c81c11e912e4cd049/pydantic_core-2.46.5-cp311-cp311-manylinux_2_31_riscv64.whl", hash = "sha256:a2468d93d181667a7abd66e1b64bb9f76f361b0fef8faddf687456453576f5ee", size = 2089904, upload-time = "2026-08-28T09:58:08.814Z" },
    { url = "https://files.pythonhosted.org/packages/24/98/7b76b1ad10a19a617a52aaa1d80e159115af939b095e86f8e756fd52e0df/pydantic_core-2.46.5-cp311-cp311-manylinux_2_5_i686.manylinux1_i686.whl", hash = "sha256:53feb344243bb9510a9dec7bf3cf1b64d88a98af5dc7872a5160465f8b198c8e", size = 2132244, upload-time = "2026-08-28T09:58:10.435Z" },
    { url = "https://files.pythonhosted.org/packages/20/32/7d6ca365fadba186a0c8f85de1a701663bce81efd309d9479be58687622f/pydantic_core-2.46.5-cp311-cp311-musllinux_1_1_aarch64.whl", hash = "sha256:cd5214352ae68f3b5e9af7768bdc5253695ee069675db3480518420b3be881f2", size = 2143901, upload-time = "2026-08-28T09:58:12.033Z" },
    { url = "https://files.pythonhosted.org/packages/f8/09/eb9a6aa57f22fd1541a9c0aa2a1f3aeef3ec65347d33e10a6da2f43e0ee9/pydantic_core-2.46.5-cp311-cp311-musllinux_1_1_armv7l.whl", hash = "sha256:9432f3598db432cb51c5b37fdbf29a60fcccc79e30d37a05022776a6bc4ab689", size = 2299425, upload-time = "2026-08-28T09:58:13.614Z" },
    { url = "https://files.pythonhosted.org/packages/8a/f9/548a5bb9d4ba8cd26e26daf48052236f6b38bb61e7b7241fbc3c995719eb/pydantic_core-2.46.5-cp311-cp311-musllinux_1_1_x86_64.whl", hash = "sha256:8feeac04b5794e513e710af2f9c87d49f31a6dc47967bb264a1fed61a8989bec", size = 2318566, upload-time = "2026-08-28T09:58:15.199Z" },
    { url = "https://files.pythonhosted.org/packages/4a/20/06454d18834c02c406c9133f1a3b485305fd9ee984f9636c2f730bef6a9d/pydantic_core-2.46.5-cp311-cp311-win32.whl", hash = "sha256:892a881d5f68c2b9ea304b7a6c2c60d9343df578a311b0f86b94bc8f1ffe8129", size = 1954258, upload-time = "2026-08-28T09:58:16.813Z" },
    { url = "https://files.pythonhosted.org/packages/9e/c2/718b9deb4b72453b5d8c7447a3b14cb77bef36917ef5f514e0948a4096a0/pydantic_core-2.46.5-cp311-cp311-win_amd64.whl", hash = "sha256:40375c2d05acec10323e45dfe2077ac44bc74659008614af5069034e2cfc781c", size = 2041030, upload-time = "2026-08-28T09:58:18.288Z" },
    { url = "https://files.pythonhosted.org/packages/67/ea/c1d1a5b72d6e1ff7f377a4d9199f6591f095beb5b409a8a5d89f7238d939/pydantic_core-2.46.5-cp311-cp311-win_arm64.whl", hash = "sha256:28a6a556cd3b6066bea827857f9d9cce027c96f776e512f544a581f9e42161f8", size = 2009234, upload-time = "2026-08-28T09:58:19.929Z" },
    { url = "https://files.pythonhosted.org/packages/af/1e/ecca01fce348f7e8afa9572441ff6f7d1cc70d21e4859f33944d10877e1e/pydantic_core-2.46.5-graalpy311-graalpy242_311_native-macosx_10_12_x86_64.whl", hash = "sha256:c14ad3bdc85ee7f318742c457ca3968a92126d144b15721c759033bfb06296c2", size = 2075342, upload-time = "2026-08-28T10:00:51.353Z" },
    { url = "https://files.pythonhosted.org/packages/1f/4c/af80c7a8032dfc897040ad5cb772bebde529a381186499e6e29987f23f8c/pydantic_core-2.46.5-graalpy311-graalpy242_311_native-macosx_11_0_arm64.whl", hash = "sha256:0bddb4020d8f04175865ccd17eff3040874fc11fb593f424edb452653b4b947c", size = 1907219, upload-time = "2026-08-28T10:00:53.438Z" },
    { url = "https://files.pythonhosted.org/packages/be/3e/54d89e2b092e778716bf6153634ef479e955f48c261090be23aa1e0fb0b5/pydantic_core-2.46.5-graalpy311-graalpy242_311_native-manylinux_2_17_aarch64.manylinux2014_aarch64.whl", hash = "sha256:2471fd51c61c610e1dcf7de44d7299283661654d11264ab4802b303368d69c47", size = 1953393, upload-time = "2026-08-28T10:00:55.58Z" },
    { url = "https://files.pythonhosted.org/packages/ea/89/828ee90cda28ce17bdefaa3a6eaf74fe430e113295a10e6126beca559d6c/pydantic_core-2.46.5-graalpy311-graalpy242_311_native-manylinux_2_17_x86_64.manylinux2014_x86_64.whl", hash = "sha256:b10ec717381bdbfafef34607824db4c91de69ff085e4fca3b2af91b4fa17e68a", size = 2099024, upload-time = "2026-08-28T10:00:57.794Z" },
    { url = "https://files.pythonhosted.org/packages/20/21/22102e9950b3049526d20e811b95396508377d87651edd2b80d2b3d28659/pydantic_core-2.46.5-pp311-pypy311_pp73-macosx_10_12_x86_64.whl", hash = "sha256:ab4b66edffb32d9e951efb3814bd104b8367a7501b81b955cacb5726d897389f", size = 2071333, upload-time = "2026-08-28T10:01:09.636Z" },
    { url = "https://files.pythonhosted.org/packages/d8/18/87aefa427d191e6d3ab1447f1efc1cdcac86af1069239b133e8a0fd7f7c9/pydantic_core-2.46.5-pp311-pypy311_pp73-macosx_11_0_arm64.whl", hash = "sha256:337639ba62a11acde6ef3aeb08c8ea755f8ef1fe5e513356c0f36a2b0d7568b0", size = 1912713, upload-time = "2026-08-28T10:01:12.285Z" },
    { url = "https://files.pythonhosted.org/packages/1f/93/fd89e9ad49b1805ca94d24ce1088b7d305f05c35ffafcedb9819d03588a0/pydantic_core-2.46.5-pp311-pypy311_pp73-manylinux_2_17_x86_64.manylinux2014_x86_64.whl", hash = "sha256:413a717a410d0c817ef5b786a059415550b3794e1d0c2abffd9efb93a3d9f7b4", size = 2090926, upload-time = "2026-08-28T10:01:15.19Z" },
    { url = "https://files.pythonhosted.org/packages/6f/45/8e59dab6acf8d35f02f0a958980074f31038968bdb2c983fcae9d1efee03/pydantic_core-2.46.5-pp311-pypy311_pp73-manylinux_2_5_i686.manylinux1_i686.whl", hash = "sha256:1e449def1945a462c464331254e5a44fca7c3b4f9aedf59ec2f50f8066dd8e25", size = 2131303, upload-time = "2026-08-28T10:01:17.937Z" },
    { url = "https://files.pythonhosted.org/packages/d5/a5/e1d4dc5180dd887a9522efc1f8716b8692b7606b1d3273d7862eaf66be44/pydantic_core-2.46.5-pp311-pypy311_pp73-musllinux_1_1_aarch64.whl", hash = "sha256:a445486499897b88a7d6c310c88ed64dd37b1b59bfd7ae9107490bbb362f47d6", size = 2145128, upload-time = "2026-08-28T10:01:20.694Z" },
    { url = "https://files.pythonhosted.org/packages/c2/d7/ad493864a7fb21c0c4df98f965e2db430cb25a9d7369b5778d5016c09fd9/pydantic_core-2.46.5-pp311-pypy311_pp73-musllinux_1_1_armv7l.whl", hash = "sha256:2d330aaba8621b1edcec8ae2c4050f63b84ccf6d98723a8f212e9684713abf0e", size = 2294560, upload-time = "2026-08-28T10:01:23.495Z" },
    { url = "https://files.pythonhosted.org/packages/02/8e/b41c84c913f29973a268e6c2b5bbf13c95adb9956c126d10da11ba3b2bef/pydantic_core-2.46.5-pp311-pypy311_pp73-musllinux_1_1_x86_64.whl", hash = "sha256:b6acfb46a814762367fb7ba0828b0a17d441b92ce249a0e007474c9072662dda", size = 2317531, upload-time = "2026-08-28T10:01:26.334Z" },
    { url = "https://files.pythonhosted.org/packages/db/1d/068464f23075f66a8f1b806935e9cd9363ee446636ea70d2c22ee8659dbf/pydantic_core-2.46.5-pp311-pypy311_pp73-win_amd64.whl", hash = "sha256:d0a24b40877af2de4950252be9d21eaf7fb07660f3c2cae1f56c6b599ada5266", size = 2140686, upload-time = "2026-08-28T10:01:28.947Z" },
]

[[package]]
name = "python-dotenv"
version = "1.2.4"
source = { registry = "https://pypi.org/simple" }
sdist = { url = "https://files.pythonhosted.org/packages/74/26/2fbeedb218a787a5eea551c7532cac4e009f83d689dd2faa0d0353473f86/python_dotenv-1.2.4.tar.gz", hash = "sha256:f0d53e69935a851c0dcc78f3ab7aaccd8cabef0b92382b576b824212902873c0", size = 60824, upload-time = "2026-10-01T05:36:10Z" }
wheels = [
    { url = "https://files.pythonhosted.org/packages/60/d1/38f3a3405989a89ac18390803e70c6ad7c7760da4f9b83cbeca0c44a0c72/python_dotenv-1.2.4-py3-none-any.whl", hash = "sha256:42269a8a5b3fd54ffa6f3d84b18abed50064717576b4ecf03dc4a55d8aa04fdc", size = 23266, upload-time = "2026-10-01T05:36:08.633Z" },
]

[[package]]
name = "python-telegram-bot"
version = "22.8"
source = { registry = "https://pypi.org/simple" }
dependencies = [
    { name = "httpx" },
]
sdist = { url = "https://files.pythonhosted.org/packages/ba/77/153517bb1ac1bba670c6fb1dbf09e1fd0730494b1705934e715391413a0d/python_telegram_bot-22.8.tar.gz", hash = "sha256:f9d3847fcb23ee603477e442800b33bb4adf851a73e0619d2050be879decf1ef", size = 1551700, upload-time = "2026-06-12T08:10:29.1Z" }
wheels = [
    { url = "https://files.pythonhosted.org/packages/60/7c/ed7d4dd94280bd434173cae9f7a7aedaaab9af128ae4f494423a5687c820/python_telegram_bot-22.8-py3-none-any.whl", hash = "sha256:42373918097f1b837cc4e717d588c19ea79651497ec712bb5b0c76e5e63c50e1", size = 769397, upload-time = "2026-06-12T08:10:27.066Z" },
]

[[package]]
name = "ruff"
version = "0.16.10"
source = { registry = "https://pypi.org/simple" }
sdist = { url = "https://files.pythonhosted.org/packages/c4/49/23802c45f093eb14bde54b141d2b2f058edfa63a06db7beed047308cc08f/ruff-0.16.10.tar.gz", hash = "sha256:eff4728c4eaae93f0955cd264d24b2ab348e74bf59986ccf282ba6dc16b3b017", size = 4958724, upload-time = "2026-10-01T18:03:21.697Z" }
wheels = [
    { url = "https://files.pythonhosted.org/packages/2f/21/ebce22e1d90cdb2cd691026b9c6e9bec6499f0b396089481755b5d49efff/ruff-0.16.10-py3-none-linux_armv6l.whl", hash = "sha256:488b0fe3f3574210e5cf80d9f59b9e3ab17a127a8155de3f307b392589cfb511", size = 10095557, upload-time = "2026-10-01T18:02:36.072Z" },
    { url = "https://files.pythonhosted.org/packages/cb/98/a54de85876a8b2612bfa0d84c7b9abfb39c6a3354aee7800b09c1649b9e3/ruff-0.16.10-py3-none-macosx_10_12_x86_64.whl", hash = "sha256:e748ff95c934c4e978783b8e687bc174e7bd84e8ad24e3243e1ecfcda5e0282d", size = 10340577, upload-time = "2026-10-01T18:02:39.258Z" },
    { url = "https://files.pythonhosted.org/packages/9f/16/1a5a4a2657effe4806110f2b907313802f1367fcdbb29e8122766e407fab/ruff-0.16.10-py3-none-macosx_11_0_arm64.whl", hash = "sha256:3031a4a2e8e7b8a46f70be45f198c35a11ece509a94b80334d8d397a33c67550", size = 9774282, upload-time = "2026-10-01T18:02:41.79Z" },
    { url = "https://files.pythonhosted.org/packages/6e/fb/470085af734da396e68cd80fb0a3e7c109a459716ae59588c0f6fab8a17d/ruff-0.16.10-py3-none-manylinux_2_17_aarch64.manylinux2014_aarch64.whl", hash = "sha256:494401c86df4c4c25f69b9419605d944467ee98c42fb6ad405ef4fa40b8fb67d", size = 9920895, upload-time = "2026-10-01T18:02:44.458Z" },
    { url = "https://files.pythonhosted.org/packages/57/de/f10cffe4f88a37ea6615ec460f01bf76f0bc1477737a35d9ee61a630a78b/ruff-0.16.10-py3-none-manylinux_2_17_armv7l.manylinux2014_armv7l.whl", hash = "sha256:d203abc0ff2b773ee33d00ab8df0bb67046fbc7c07b119332f08b9b345cf8221", size = 9902707, upload-time = "2026-10-01T18:02:47.041Z" },
    { url = "https://files.pythonhosted.org/packages/ff/44/3fdcedf83ae60ef837dd239170e480dce606a9142cfa2db911afdf855fd9/ruff-0.16.10-py3-none-manylinux_2_17_i686.manylinux2014_i686.whl", hash = "sha256:bd83d1235a5258d318477bc5b576303974cbdef5df0c01a1bff14efcc23bd12a", size = 10619287, upload-time = "2026-10-01T18:02:49.485Z" },
    { url = "https://files.pythonhosted.org/packages/c1/62/02e76a5574002153618eafbb70e159468addc72a5d2c488e65cbb4639d2d/ruff-0.16.10-py3-none-manylinux_2_17_ppc64le.manylinux2014_ppc64le.whl", hash = "sha256:bc2610fb269fa56dd8a68669ae470fa6272902668c0fc2ebc3aa112b2633d5b8", size = 11339942, upload-time = "2026-10-01T18:02:52.008Z" },
    { url = "https://files.pythonhosted.org/packages/6b/c4/cde27d47ad8d4126c587e608c67c46e7feac11763f606d261a1bc8a489e6/ruff-0.16.10-py3-none-manylinux_2_17_s390x.manylinux2014_s390x.whl", hash = "sha256:3e70175e29cc94c26ea296c80e470180b744b7419026898e58f520c6ab32578e", size = 10934316, upload-time = "2026-10-01T18:02:54.811Z" },
    { url = "https://files.pythonhosted.org/packages/e4/03/17234145f302a645a123e8c3bb2411ecf4669fbc350de3b0d803230a1729/ruff-0.16.10-py3-none-manylinux_2_17_x86_64.manylinux2014_x86_64.whl", hash = "sha256:f33f43a864a8483eebd160e713336c8bab02c934feaff0a33cf5ccb41546d09a", size = 10387968, upload-time = "2026-10-01T18:02:57.497Z" },
    { url = "https://files.pythonhosted.org/packages/71/29/2493af60240ee7644b38a4b821f5f9c3b5a4fa3178770fe1d0c685217395/ruff-0.16.10-py3-none-manylinux_2_31_riscv64.whl", hash = "sha256:1dfc6f0088149fb6a362c1c446bcbb3fd2157b3852fe2fa68409276eab9ad9b3", size = 10537906, upload-time = "2026-10-01T18:03:00.006Z" },
    { url = "https://files.pythonhosted.org/packages/2e/9a/f56b28f3b143bb9e518c34fb89ab191b626bca8b70dbf8af0d2e2d473572/ruff-0.16.10-py3-none-musllinux_1_2_aarch64.whl", hash = "sha256:6553498afc35f580f036030795810b9e6bcea31604b0fd9e8d352795473042e3", size = 10012938, upload-time = "2026-10-01T18:03:03.006Z" },
    { url = "https://files.pythonhosted.org/packages/c2/c4/fca37362848ea4d4d80712df13632e645e7c7cfb1bdedf140699ac7a090b/ruff-0.16.10-py3-none-musllinux_1_2_armv7l.whl", hash = "sha256:a3b8471dea115d37f123882be852bed13403746d3a76c11de4a19ec5f9ff5a03", size = 9897945, upload-time = "2026-10-01T18:03:05.818Z" },
    { url = "https://files.pythonhosted.org/packages/7d/c7/e0bc57664d6e0c61fd22f620af260fe9662d7e1ddb320ea7f160e76ef165/ruff-0.16.10-py3-none-musllinux_1_2_i686.whl", hash = "sha256:92e59a70bcbd9d3a5483656da906ec28edfdacfce00afd99edb8b4e9d15644be", size = 10333134, upload-time = "2026-10-01T18:03:08.25Z" },
    { url = "https://files.pythonhosted.org/packages/21/aa/5c9f3b68737c0e4a33a1db5dfab44f7b786d96ca91a7233112ddab1e6dc2/ruff-0.16.10-py3-none-musllinux_1_2_x86_64.whl", hash = "sha256:7ae7375f803b5520dc9f546bed7e3a0acb70b91812e9bb4b19927de22f25b77d", size = 10741702, upload-time = "2026-10-01T18:03:10.775Z" },
    { url = "https://files.pythonhosted.org/packages/78/fa/0f9c2020dc316c53d983be011720b8157cc052b97e3f4dfa7db6d0f880a6/ruff-0.16.10-py3-none-win32.whl", hash = "sha256:2a12e01cb9156c10c466f63b46eaae5ecea28dfbd21b5836353ae498e7d1349a", size = 10139176, upload-time = "2026-10-01T18:03:13.267Z" },
    { url = "https://files.pythonhosted.org/packages/99/29/cfb0df9448d4d4ad48c2de029ada9ebd71baa6da983a6c77ee6c6cd0fe82/ruff-0.16.10-py3-none-win_amd64.whl", hash = "sha256:97f2015c92aa97105b0eab19eb5d224884399281cfc5da86a92db4ab5e7fb2ca", size = 10584734, upload-time = "2026-10-01T18:03:16.006Z" },
    { url = "https://files.pythonhosted.org/packages/fc/05/c16957eb287c3fc062e032619a25868d93d408a844b725bcf514f7a378ff/ruff-0.16.10-py3-none-win_arm64.whl", hash = "sha256:25a65fe998c4e6861ec079ada5826a2fc605e6cbccbe9dcd7fac1f54e791621b", size = 10366440, upload-time = "2026-10-01T18:03:19.04Z" },
]

[[package]]
name = "sniffio"
version = "1.3.1"
source = { registry = "https://pypi.org/simple" }
sdist = { url = "https://files.pythonhosted.org/packages/a2/87/a6771e1546d97e7e041b6ae58d80074f81b7d5121207425c964ddf5cfdbd/sniffio-1.3.1.tar.gz", hash = "sha256:f4324edc670a0f49750a81b895f35c3adb843cca46f0530f79fc1babb23789dc", size = 20372, upload-time = "2024-02-25T23:20:04.057Z" }
wheels = [
    { url = "https://files.pythonhosted.org/packages/e9/44/75a9c9421471a6c4805dbf2356f7c181a29c1879239abab1ea2cc8f38b40/sniffio-1.3.1-py3-none-any.whl", hash = "sha256:2f6da418d1f1e0fddd844478f41680e794e6051915791a034ff65e5f100525a2", size = 10235, upload-time = "2024-02-25T23:20:01.196Z" },
]

[[package]]
name = "sqlalchemy"
version = "2.0.54"
source = { registry = "https://pypi.org/simple" }
dependencies = [
    { name = "greenlet", marker = "platform_machine == 'AMD64' or platform_machine == 'WIN32' or platform_machine == 'aarch64' or platform_machine == 'amd64' or platform_machine == 'ppc64le' or platform_machine == 'win32' or platform_machine == 'x86_64'" },
    { name = "typing-extensions" },
]
sdist = { url = "https://files.pythonhosted.org/packages/29/9c/271aa905cf2964f841371a97f3e63ab692bf51b4423d0491e67bc7f64037/sqlalchemy-2.0.54.tar.gz", hash = "sha256:baa8521e8ee9f24e75dfc7aaabc08020e551ef0d48d7c3e3536f5cddf277586b", size = 9969559, upload-time = "2026-09-15T21:06:57.337Z" }
wheels = [
    { url = "https://files.pythonhosted.org/packages/76/bf/7339b18ef05c03335a32f077e450c8040eab0c952c2964e32cd889eafc22/sqlalchemy-2.0.54-cp311-cp311-macosx_11_0_arm64.whl", hash = "sha256:7d03084f3352dd92048cb19c71d90f116d076c9c7937e0ebc7752c4685de6d38", size = 2187776, upload-time = "2026-09-15T22:32:35.535Z" },
    { url = "https://files.pythonhosted.org/packages/9b/bb/3b6f5f3f51582d63af4c88b1e70da7888e936dee6b86a237b7633fb3f216/sqlalchemy-2.0.54-cp311-cp311-manylinux2014_aarch64.manylinux_2_17_aarch64.manylinux_2_28_aarch64.whl", hash = "sha256:92622fbbda1b1fe1632f3402a6e516a93c0e41d9158839c6b3dfb12117f26b72", size = 3428952, upload-time = "2026-09-15T22:40:14.441Z" },
    { url = "https://files.pythonhosted.org/packages/77/d5/ffd6b59795ebec81d582ad866f71ec7c73d356768e0442c6a07bba61c40c/sqlalchemy-2.0.54-cp311-cp311-manylinux2014_x86_64.manylinux_2_17_x86_64.manylinux_2_28_x86_64.whl", hash = "sha256:5800ddea045c2c860ef1d359a07a3066c7c0c426f45e3abc3874e116cb3c6937", size = 3428566, upload-time = "2026-09-15T22:35:33.739Z" },
    { url = "https://files.pythonhosted.org/packages/63/ff/1f0bffb0653b30711e2445a48968eff9412b4e5bf0870f1e72e8a69595ef/sqlalchemy-2.0.54-cp311-cp311-musllinux_1_2_aarch64.whl", hash = "sha256:1019abef05a4b5eafc8eae6fb483167fa28a4dbe5f518d577b744f31a5276a37", size = 3377697, upload-time = "2026-09-15T22:40:16.494Z" },
    { url = "https://files.pythonhosted.org/packages/97/76/774906be0d41cc4a14ecfbc015112fb7d0a3f1c3393f2c179d10388f8f0b/sqlalchemy-2.0.54-cp311-cp311-musllinux_1_2_x86_64.whl", hash = "sha256:b67749f7da3985a529cefbb1474783cb91ef44371cb9713630bade3de908760d", size = 3402966, upload-time = "2026-09-15T22:35:35.726Z" },
    { url = "https://files.pythonhosted.org/packages/cd/bb/1d7fe50ace612bf342d3440d8b09544746949120326c3dc487cfc2592fba/sqlalchemy-2.0.54-cp311-cp311-win32.whl", hash = "sha256:2f61a70b3b82e2ec7ad6a4f2301422b9ca93ff06917983e41317bcae878bddf6", size = 2142297, upload-time = "2026-09-15T21:25:19.917Z" },
    { url = "https://files.pythonhosted.org/packages/d6/49/18fe80f64b1f6bcd422e649e40a78031f8624b2fde22ca54e950dfa6e25a/sqlalchemy-2.0.54-cp311-cp311-win_amd64.whl", hash = "sha256:1d887fbd5d248e250807bd801e697fc73e3b44866ce5f093dbc90512e75bde25", size = 2169222, upload-time = "2026-09-15T21:25:21.114Z" },
    { url = "https://files.pythonhosted.org/packages/24/a1/bd5e3e99bc9c8863b51ac5b9b03008a7f2da8c6b59695992f5c654e1265b/sqlalchemy-2.0.54-py3-none-any.whl", hash = "sha256:7e33a631ab1474f8fe6b910bd1a07b7b8009c4c78cdd3fb18001b03e3bc2e1d2", size = 1958015, upload-time = "2026-09-15T22:24:22.95Z" },
]

[[package]]
name = "sqlmodel"
version = "0.0.47"
source = { registry = "https://pypi.org/simple" }
dependencies = [
    { name = "pydantic" },
    { name = "sqlalchemy" },
    { name = "typing-extensions" },
]
sdist = { url = "https://files.pythonhosted.org/packages/4f/60/aa4cb68f03fa6bd1ca9e9a9ca89c3bc6c67f50981d0abcd9d6364609516d/sqlmodel-0.0.47.tar.gz", hash = "sha256:3606430ea6db7f00c8ae2157458b9766644ea3ad365c601e26a86cf23f5910d5", size = 98136, upload-time = "2026-09-23T17:31:07.921Z" }
wheels = [
    { url = "https://files.pythonhosted.org/packages/f7/b3/988928029b0e68de7ac587c2e1ccd379aa18e7c0aa7cc426628145a032fe/sqlmodel-0.0.47-py3-none-any.whl", hash = "sha256:165294386c3e4b25fa02f151ca1abb0cbf5fdb76f6093a38aca33fdc30dfd485", size = 31314, upload-time = "2026-09-23T17:31:06.8Z" },
]

[[package]]
name = "truststore"
version = "0.10.4"
source = { registry = "https://pypi.org/simple" }
sdist = { url = "https://files.pythonhosted.org/packages/53/a3/1585216310e344e8102c22482f6060c7a6ea0322b63e026372e6dcefcfd6/truststore-0.10.4.tar.gz", hash = "sha256:9d91bd436463ad5e4ee4aba766628dd6cd7010cf3e2461756b3303710eebc301", size = 26169, upload-time = "2025-08-12T18:49:02.73Z" }
wheels = [
    { url = "https://files.pythonhosted.org/packages/19/97/56608b2249fe206a67cd573bc93cd9896e1efb9e98bce9c163bcdc704b88/truststore-0.10.4-py3-none-any.whl", hash = "sha256:adaeaecf1cbb5f4de3b1959b42d41f6fab57b2b1666adb59e89cb0b53361d981", size = 18660, upload-time = "2025-08-12T18:49:01.46Z" },
]

[[package]]
name = "ty"
version = "0.0.84"
source = { registry = "https://pypi.org/simple" }
sdist = { url = "https://files.pythonhosted.org/packages/e1/f6/34f8869c45ea87fe6a931ffa824b1fe4428167173543d92988d631add355/ty-0.0.84.tar.gz", hash = "sha256:0cefdb0cd5d399418dbe83c349ba605047b7dff815ae6f460c80e8522b40be67", size = 7409537, upload-time = "2026-09-24T13:16:24.367Z" }
wheels = [
    { url = "https://files.pythonhosted.org/packages/aa/0c/600648778e1c79133ce6b6a5c4c2531ae16b90c9b30f5041b38b574f61b8/ty-0.0.84-py3-none-linux_armv6l.whl", hash = "sha256:868438e2b9abfc835dd5b5b07ed693db95d8348ac40e3228252511d63ae87695", size = 13935333, upload-time = "2026-09-24T13:15:31.167Z" },
    { url = "https://files.pythonhosted.org/packages/c5/3b/27f06f49945c36170765fad82076898039ae3873338e9865f876dd62f12c/ty-0.0.84-py3-none-macosx_10_12_x86_64.whl", hash = "sha256:b00f39b521f0b559cde0f6abf8dd47213b513b04f33d58efeb9b98486a16bb17", size = 13511328, upload-time = "2026-09-24T13:15:34.446Z" },
    { url = "https://files.pythonhosted.org/packages/fc/b6/b12dd130e7f30141f0645614f454c925991cd389b1cc6c8284fd6bf32326/ty-0.0.84-py3-none-macosx_11_0_arm64.whl", hash = "sha256:8f78c2915567f2ee62ce0c24d86091bc76f81577677755e242d09951db588b9a", size = 13445445, upload-time = "2026-09-24T13:15:37.476Z" },
    { url = "https://files.pythonhosted.org/packages/44/96/f012de4b3c1d9a4773326621380d768b4d48c47e620dc012775c5e01c7d7/ty-0.0.84-py3-none-manylinux_2_17_aarch64.manylinux2014_aarch64.whl", hash = "sha256:61155cad0921e890d86d1d911a40b3a0e924ef4bdc3b4f3865a6c89c7e3012dc", size = 13471235, upload-time = "2026-09-24T13:15:40.64Z" },
    { url = "https://files.pythonhosted.org/packages/05/32/dca630f5f5353fa7bf67eebccf1549df99b16656d21071d0df6677c826a5/ty-0.0.84-py3-none-manylinux_2_17_armv7l.manylinux2014_armv7l.whl", hash = "sha256:417c3bf14947ed16b0b92976ab333c27915590354e96d4f581709068d3811355", size = 13680704, upload-time = "2026-09-24T13:15:43.817Z" },
    { url = "https://files.pythonhosted.org/packages/44/8d/33702c8f62f05ad45b33644fb914d483de6a0a7bc8e51884e9b8773e6d69/ty-0.0.84-py3-none-manylinux_2_17_i686.manylinux2014_i686.whl", hash = "sha256:e06ef117759f654f5379efe9ae79bda8a186016c016f1023d05c34f8e15c1546", size = 14518923, upload-time = "2026-09-24T13:15:46.802Z" },
    { url = "https://files.pythonhosted.org/packages/c8/a1/da3246e6ef2ae0e842bca4058b25c54bee55ab058ffff4ee54e72517ec01/ty-0.0.84-py3-none-manylinux_2_17_ppc64le.manylinux2014_ppc64le.whl", hash = "sha256:a05d1d53db8b64410ab38c6e32c5898510584869d1d5dd9c0605db81c9aef7df", size = 15027731, upload-time = "2026-09-24T13:15:49.755Z" },
    { url = "https://files.pythonhosted.org/packages/20/17/b0099098a560aeb4f9fde6c912f9a81622c3e44e6555e1fbe322b368ec31/ty-0.0.84-py3-none-manylinux_2_17_s390x.manylinux2014_s390x.whl", hash = "sha256:b92400494ab855cfb1204ac1101e3f53b2d09a8e21d171758b2cf9acdab1809e", size = 14748260, upload-time = "2026-09-24T13:15:52.713Z" },
    { url = "https://files.pythonhosted.org/packages/60/d5/32cd67aedb271f006e716ad093806c96c5d7e2af86be8255469dbd3d76c8/ty-0.0.84-py3-none-manylinux_2_17_x86_64.manylinux2014_x86_64.whl", hash = "sha256:af17eb391ae3027fed9be1780bea555c2b8a25ba68e184c627b4981b2c9eaab7", size = 14205858, upload-time = "2026-09-24T13:15:55.677Z" },
    { url = "https://files.pythonhosted.org/packages/43/c4/638ac62ca2e8eca1b92e3e16273085744fada728b993500819b5c258ca15/ty-0.0.84-py3-none-manylinux_2_31_riscv64.whl", hash = "sha256:44cf06af0e7ec78ea6d8ff33a3450fc19627756a4fba681f7410d4e3ef63047a", size = 14573196, upload-time = "2026-09-24T13:15:59.165Z" },
    { url = "https://files.pythonhosted.org/packages/a6/f6/9ee81c5d8921e5fd5f10889ae563c95cd3272b31df2ada528919ca1cef6b/ty-0.0.84-py3-none-musllinux_1_2_aarch64.whl", hash = "sha256:c6e56b443ff9ba462e34bfbc1e582004c2719ed35f8f93a433744b0ba0afb2d9", size = 13480760, upload-time = "2026-09-24T13:16:02.313Z" },
    { url = "https://files.pythonhosted.org/packages/f6/83/fbe5d1177667ae16d84c3242846b143809c9cc09568b333e5a9b4d5908f6/ty-0.0.84-py3-none-musllinux_1_2_armv7l.whl", hash = "sha256:8b6562fcc48820c1030e2a4509ef2c14ef93043ca4860280074314ac3a825b95", size = 13696346, upload-time = "2026-09-24T13:16:05.391Z" },
    { url = "https://files.pythonhosted.org/packages/86/9a/1b4ac9ddc34cc0ab4624bc219825d66af52f1ad87f4778ad08ad03fa06d5/ty-0.0.84-py3-none-musllinux_1_2_i686.whl", hash = "sha256:dee7421451efcbd70f03e95a8f2c8d9e5ec3d35edcd27b4095ee00ee062abfc4", size = 13959410, upload-time = "2026-09-24T13:16:08.661Z" },
    { url = "https://files.pythonhosted.org/packages/c9/04/70e289437a67dfd686056ab4fd91880261a8233033a6a95d29393741fb97/ty-0.0.84-py3-none-musllinux_1_2_x86_64.whl", hash = "sha256:31e96307cf621babe969307dd657783d672e2d8bdbd06493710da635bf63fa07", size = 14350294, upload-time = "2026-09-24T13:16:11.865Z" },
    { url = "https://files.pythonhosted.org/packages/9c/f4/ae7dbd118425c850981d23efb850f0d9d7f6b8d2b852bde2767434f668b4/ty-0.0.84-py3-none-win32.whl", hash = "sha256:4bdc85f91cbaae35825f2b17bb4ac5de0563367875cb0f42b2bf07a1bf7ff2ba", size = 13176439, upload-time = "2026-09-24T13:16:15.049Z" },
    { url = "https://files.pythonhosted.org/packages/29/ec/994d87252f065dda5a500bc8afc726d18f6582d81d6f4ff1feb8a267c800/ty-0.0.84-py3-none-win_amd64.whl", hash = "sha256:71cc9aa7a7c89d4e12c6a814e9c0c3310ad5bee44efedbd6f5a42d91e9ac0f0d", size = 13962879, upload-time = "2026-09-24T13:16:18.191Z" },
    { url = "https://files.pythonhosted.org/packages/6d/1c/e6e91852b72566b1ab9aca504712857dfb89324c12092a5bd61d42d34427/ty-0.0.84-py3-none-win_arm64.whl", hash = "sha256:6c9d3718c4a0d318bc9c92af9b2aa85c3294e7dff54cf1d69ad79568f56516da", size = 13656453, upload-time = "2026-09-24T13:16:21.51Z" },
]

[[package]]
name = "typing-extensions"
version = "4.16.0"
source = { registry = "https://pypi.org/simple" }
sdist = { url = "https://files.pythonhosted.org/packages/f6/cc/6253133b5bb138fc3306cebfbda2c520f545d36b5be2c7255cc528bb45d6/typing_extensions-4.16.0.tar.gz", hash = "sha256:dc983d19a509c94dba722ee6abd33940f7c05a89e243c47e907eb4db6f1a43e5", size = 113555, upload-time = "2026-07-02T08:40:05.92Z" }
wheels = [
    { url = "https://files.pythonhosted.org/packages/49/d3/b8441a820a491ddfc024b0b0cf0393375b75ea13866d9c66727e54c2fc80/typing_extensions-4.16.0-py3-none-any.whl", hash = "sha256:481caa481374e813c1b176ada14e97f1f67a4539ce9cfeb3f350d78d6370c2e8", size = 45571, upload-time = "2026-07-02T08:40:04.659Z" },
]

[[package]]
name = "typing-inspection"
version = "0.4.4"
source = { registry = "https://pypi.org/simple" }
dependencies = [
    { name = "typing-extensions" },
]
sdist = { url = "https://files.pythonhosted.org/packages/a3/26/b09b8010994eccc3c09092e6b34058f36a460eea2d4c3e8b910c695975a0/typing_inspection-0.4.4.tar.gz", hash = "sha256:547274fa6b0a561ccf549cc9524b999a578e737d015d8709d021f9d0d13bea47", size = 76928, upload-time = "2026-08-12T12:37:25.997Z" }
wheels = [
    { url = "https://files.pythonhosted.org/packages/67/81/4add07e5172b7ac40d8ed5ff580409a7801a4fe26d529bdd915401dabfbe/typing_inspection-0.4.4-py3-none-any.whl", hash = "sha256:65b8397ba37ccbce054456aaccddfc91e6e3083c92824df348d96ca832f3f147", size = 14750, upload-time = "2026-08-12T12:37:24.648Z" },
]
